{
  "version": "2",
  "remote": {
    "https://deno.land/std@0.147.0/log/levels.ts": "82c965b90f763b5313e7595d4ba78d5095a13646d18430ebaf547526131604d1",
    "https://deno.land/std@0.159.0/_util/assert.ts": "e94f2eb37cebd7f199952e242c77654e43333c1ac4c5c700e929ea3aa5489f74",
    "https://deno.land/std@0.159.0/async/deferred.ts": "c01de44b9192359cebd3fe93273fcebf9e95110bf3360023917da9a2d1489fae",
    "https://deno.land/std@0.159.0/bytes/bytes_list.ts": "aba5e2369e77d426b10af1de0dcc4531acecec27f9b9056f4f7bfbf8ac147ab4",
    "https://deno.land/std@0.159.0/bytes/equals.ts": "3c3558c3ae85526f84510aa2b48ab2ad7bdd899e2e0f5b7a8ffc85acb3a6043a",
    "https://deno.land/std@0.159.0/bytes/mod.ts": "763f97d33051cc3f28af1a688dfe2830841192a9fea0cbaa55f927b49d49d0bf",
    "https://deno.land/std@0.159.0/encoding/base64.ts": "c57868ca7fa2fbe919f57f88a623ad34e3d970d675bdc1ff3a9d02bba7409db2",
    "https://deno.land/std@0.159.0/io/buffer.ts": "fae02290f52301c4e0188670e730cd902f9307fb732d79c4aa14ebdc82497289",
    "https://deno.land/std@0.159.0/io/util.ts": "23e706b4b6a3ebb34af00ad74d7549d906f3211fc98c1fba1185a36e017fb727",
    "https://deno.land/std@0.159.0/textproto/mod.ts": "310b637f3f651a52dcb475a7be61b192e41e788c25d111cbe8d35a66aa10f598",
    "https://deno.land/std@0.200.0/assert/assert.ts": "9a97dad6d98c238938e7540736b826440ad8c1c1e54430ca4c4e623e585607ee",
    "https://deno.land/std@0.200.0/assert/assertion_error.ts": "4d0bde9b374dfbcbe8ac23f54f567b77024fb67dbb1906a852d67fe050d42f56",
    "https://deno.land/std@0.200.0/async/abortable.ts": "fd682fa46f3b7b16b4606a5ab52a7ce309434b76f820d3221bdfb862719a15d7",
    "https://deno.land/std@0.200.0/async/deadline.ts": "58f72a3cc0fcb731b2cc055ba046f4b5be3349ff6bf98f2e793c3b969354aab2",
    "https://deno.land/std@0.200.0/async/debounce.ts": "adab11d04ca38d699444ac8a9d9856b4155e8dda2afd07ce78276c01ea5a4332",
    "https://deno.land/std@0.200.0/async/deferred.ts": "42790112f36a75a57db4a96d33974a936deb7b04d25c6084a9fa8a49f135def8",
    "https://deno.land/std@0.200.0/async/delay.ts": "a6142eb44cdd856b645086af2b811b1fcce08ec06bb7d50969e6a872ee9b8659",
    "https://deno.land/std@0.200.0/async/mod.ts": "f04344fa21738e5ad6bea37a6bfffd57c617c2d372bb9f9dcfd118a1b622e576",
    "https://deno.land/std@0.200.0/async/mux_async_iterator.ts": "70c7f2ee4e9466161350473ad61cac0b9f115cff4c552eaa7ef9d50c4cbb4cc9",
    "https://deno.land/std@0.200.0/async/pool.ts": "f1b8d3df4d7fd3c73f8cbc91cc2e8b8e950910f1eab94230b443944d7584c657",
    "https://deno.land/std@0.200.0/async/retry.ts": "296fb9c323e1325a69bee14ba947e7da7409a8dd9dd646d70cb51ea0d301f24e",
    "https://deno.land/std@0.200.0/async/tee.ts": "47e42d35f622650b02234d43803d0383a89eb4387e1b83b5a40106d18ae36757",
    "https://deno.land/std@0.200.0/bytes/bytes_list.ts": "31d664f4d42fa922066405d0e421c56da89d751886ee77bbe25a88bf0310c9d0",
    "https://deno.land/std@0.200.0/bytes/concat.ts": "d26d6f3d7922e6d663dacfcd357563b7bf4a380ce5b9c2bbe0c8586662f25ce2",
    "https://deno.land/std@0.200.0/bytes/copy.ts": "939d89e302a9761dcf1d9c937c7711174ed74c59eef40a1e4569a05c9de88219",
    "https://deno.land/std@0.200.0/bytes/ends_with.ts": "4228811ebc71615d27f065c54b5e815ec1972538772b0f413c0efe05245b472e",
    "https://deno.land/std@0.200.0/bytes/equals.ts": "fc190cce412b2136979181b163ec7e05f7e7a947e39102eee4b8c0d62519ddf9",
    "https://deno.land/std@0.200.0/bytes/includes_needle.ts": "76a8163126fb2f8bf86fd7f22192c3bb04bf6a20b987a095127c2ca08adf3ba6",
    "https://deno.land/std@0.200.0/bytes/index_of_needle.ts": "9c06610e9611b5647ac25952e71a22e09227c9f1b8cbeeb33399bf8bf8a7f649",
    "https://deno.land/std@0.200.0/bytes/last_index_of_needle.ts": "f1602f221c3b678bc4f1e1c88a70a15ab7da32c21751dbbc6c957c956951d784",
    "https://deno.land/std@0.200.0/bytes/mod.ts": "e869bba1e7a2e3a9cc6c2d55471888429a544e70a840c087672e656e7ba21815",
    "https://deno.land/std@0.200.0/bytes/repeat.ts": "6f5e490d8d72bcbf8d84a6bb04690b9b3eb5822c5a11687bca73a2318a842294",
    "https://deno.land/std@0.200.0/bytes/starts_with.ts": "3e607a70c9c09f5140b7a7f17a695221abcc7244d20af3eb47ccbb63f5885135",
    "https://deno.land/std@0.200.0/encoding/base64.ts": "144ae6234c1fbe5b68666c711dc15b1e9ee2aef6d42b3b4345bf9a6c91d70d0d",
    "https://deno.land/std@0.200.0/fmt/colors.ts": "a7eecffdf3d1d54db890723b303847b6e0a1ab4b528ba6958b8f2e754cf1b3bc",
    "https://deno.land/std@0.200.0/fs/exists.ts": "29c26bca8584a22876be7cb8844f1b6c8fc35e9af514576b78f5c6884d7ed02d",
    "https://deno.land/std@0.200.0/io/buf_writer.ts": "48c33c8f00b61dcbc7958706741cec8e59810bd307bc6a326cbd474fe8346dfd",
    "https://deno.land/std@0.200.0/log/handlers.ts": "38871ecbfa67b0d39dc3384210439ac9a13cba6118b912236f9011b5989b9a4d",
    "https://deno.land/std@0.200.0/log/levels.ts": "6309147664e9e008cd6671610f2505c4c95f181f6bae4816a84b33e0aec66859",
    "https://deno.land/std@0.200.0/log/logger.ts": "180c50a07c43a556dc5794e913c82946399e89d683201d01c8f0091e1e4ae3fc",
    "https://deno.land/std@0.200.0/log/mod.ts": "cc1989f3290b792271f41f4cba392a367520564efbc892be1e00dee423ccd3d9",
    "https://deno.land/std@0.200.0/streams/_common.ts": "f45cba84f0d813de3326466095539602364a9ba521f804cc758f7a475cda692d",
    "https://deno.land/std@0.200.0/streams/readable_stream_from_reader.ts": "bfc416c4576a30aac6b9af22c9dc292c20c6742141ee7c55b5e85460beb0c54e",
    "https://deno.land/std@0.200.0/streams/to_transform_stream.ts": "89fd367cafb3b6d80d61e2f4f1fcf66cc75723ecee8d474b495f022264ec6c3b",
    "https://deno.land/std@0.200.0/streams/writable_stream_from_writer.ts": "56fff5c82fb736fdd669b567cc0b2bbbe0351002cd13254eae26c366e2bed89a",
    "https://deno.land/std@0.200.0/streams/write_all.ts": "aec90152978581ea62d56bb53a5cbf487e6a89c902f87c5969681ffbdf32b998",
    "https://deno.land/x/discord_api_types@0.37.56/gateway/common.ts": "fb67003adda424df76c2726e0624d709c5a16e3694d6b75facd587d121fe121f",
    "https://deno.land/x/discord_api_types@0.37.56/gateway/v10.ts": "1b0fa3d040825a7aab93d6acec63d457c79c445dcc934d4f511dc2c326988ddf",
    "https://deno.land/x/discord_api_types@0.37.56/globals.ts": "7d8879654c4741ac071668ad52f2659bcdb66694cfe7da306c8437ec752807a7",
    "https://deno.land/x/discord_api_types@0.37.56/payloads/common.ts": "7c42a7965f38d82d9a425cf732ff0d4d2b5370568168d5fa41f138fd8ab4c693",
    "https://deno.land/x/discord_api_types@0.37.56/payloads/v10/_interactions/_applicationCommands/_chatInput/attachment.ts": "c66dccd54c1b84d073f2e1caa466e551b8045a84a2e8a88a1bfbc7e2c64a703d",
    "https://deno.land/x/discord_api_types@0.37.56/payloads/v10/_interactions/_applicationCommands/_chatInput/base.ts": "f6a2556e14d489e1f0e5ddeb3a0303e2603e25330530dd9263e176013c5f51eb",
    "https://deno.land/x/discord_api_types@0.37.56/payloads/v10/_interactions/_applicationCommands/_chatInput/boolean.ts": "65e29561b61785ca4ede4b1b4a88c5fc0696cfdf1fa74d5197588c196ee7ae98",
    "https://deno.land/x/discord_api_types@0.37.56/payloads/v10/_interactions/_applicationCommands/_chatInput/channel.ts": "73c7fc49de242e1ce3be958375fd810750aed83553ef3860e3cddf858f9eb464",
    "https://deno.land/x/discord_api_types@0.37.56/payloads/v10/_interactions/_applicationCommands/_chatInput/integer.ts": "a25d24a3e54d647c7039b99e3208fc0fc2228d174f6dcc421e93919b8154a011",
    "https://deno.land/x/discord_api_types@0.37.56/payloads/v10/_interactions/_applicationCommands/_chatInput/mentionable.ts": "742e42857465866e0c08b587d7fb5ccd81d4705c61ce4cd6b97ad5692e88e969",
    "https://deno.land/x/discord_api_types@0.37.56/payloads/v10/_interactions/_applicationCommands/_chatInput/number.ts": "be974ea68f5fdf55d7a7f5d3faf48a3193777d432b1aa9087afc204bcb916284",
    "https://deno.land/x/discord_api_types@0.37.56/payloads/v10/_interactions/_applicationCommands/_chatInput/role.ts": "a57114d0f7eeee4ab7cf217a865dd9dbd9096d007c556aec6185d64257100f41",
    "https://deno.land/x/discord_api_types@0.37.56/payloads/v10/_interactions/_applicationCommands/_chatInput/shared.ts": "9e2d3b3530280f6de5f9b6de1bb81e8a905998e058f784a9b041e48a96cd93d2",
    "https://deno.land/x/discord_api_types@0.37.56/payloads/v10/_interactions/_applicationCommands/_chatInput/string.ts": "33ab12dab64544a70729b9b66b5a9790964ea779f05d4ab1a1e190e7c1b59e98",
    "https://deno.land/x/discord_api_types@0.37.56/payloads/v10/_interactions/_applicationCommands/_chatInput/subcommand.ts": "0013737da6d2b54e2f413fbf31cf9c84ea51bd9204b615cb4fd19b420f856cb2",
    "https://deno.land/x/discord_api_types@0.37.56/payloads/v10/_interactions/_applicationCommands/_chatInput/subcommandGroup.ts": "db5cc701bcb3d68c094de409da39c9a2b8834dc0d5038e5f963c96e5eaf412ac",
    "https://deno.land/x/discord_api_types@0.37.56/payloads/v10/_interactions/_applicationCommands/_chatInput/user.ts": "ed2871693744298225ba53ddfb18d3e7afff20a34f413822d5b1193918aea27f",
    "https://deno.land/x/discord_api_types@0.37.56/payloads/v10/_interactions/_applicationCommands/chatInput.ts": "46362da4e56c99cc69331481330d6e95c31d5e46f4cc36ec23f03cafbb687d52",
    "https://deno.land/x/discord_api_types@0.37.56/payloads/v10/_interactions/_applicationCommands/contextMenu.ts": "89aed5f05f75d482e40259f55d0172143a90c1980d060d16545bdc14b68b29c4",
    "https://deno.land/x/discord_api_types@0.37.56/payloads/v10/_interactions/_applicationCommands/permissions.ts": "ddca14b62e6afd418c1417117ffcc7cfb2ea5e5cc5353b4a0598435bdea45fb5",
    "https://deno.land/x/discord_api_types@0.37.56/payloads/v10/_interactions/applicationCommands.ts": "b0646f2930d38113389bd1ecf8c605ac5af8fc40f93fafd17f968150419fac14",
    "https://deno.land/x/discord_api_types@0.37.56/payloads/v10/_interactions/autocomplete.ts": "821ae50ff9845cac4b03169dbd4c4b187d8399765eb1f0d658d477c68e4c6136",
    "https://deno.land/x/discord_api_types@0.37.56/payloads/v10/_interactions/base.ts": "c839d953bf7f7912aa7202e7586d65aafb7f90d22aedd21a13586295c62f2bdf",
    "https://deno.land/x/discord_api_types@0.37.56/payloads/v10/_interactions/messageComponents.ts": "08faa77d1c1d9a33359a962b78b695304e27cb6435af319b41e9a9d3b395adb2",
    "https://deno.land/x/discord_api_types@0.37.56/payloads/v10/_interactions/modalSubmit.ts": "3a02d2d7df5bcdb1ffcd089f15e0d82ab65dcc0cefa904c6e0621f46edac041e",
    "https://deno.land/x/discord_api_types@0.37.56/payloads/v10/_interactions/ping.ts": "096ce582e9af373649fd5355cccd7424adceaffb73367b5301f1594ef5a3c264",
    "https://deno.land/x/discord_api_types@0.37.56/payloads/v10/_interactions/responses.ts": "0a607a78dd08a498c3b523a922c51ec9465021d98b3a21b7c7551524d49d70ce",
    "https://deno.land/x/discord_api_types@0.37.56/payloads/v10/application.ts": "69e8470289fcde7ec1483600540085e402a11b21cfeab2191db23dd387452ee7",
    "https://deno.land/x/discord_api_types@0.37.56/payloads/v10/auditLog.ts": "0a538dd3e4876ec741a6986afc1057589f43d3efd1684386346317801c53268d",
    "https://deno.land/x/discord_api_types@0.37.56/payloads/v10/autoModeration.ts": "9ccb4408f1c6392d9619fac159997e08e660080b3f9567a1619163a40329e3a2",
    "https://deno.land/x/discord_api_types@0.37.56/payloads/v10/channel.ts": "60ba55624295d4717db5330bd503cbd6c2da6dc68cb850505d4eca8ef6ac5c39",
    "https://deno.land/x/discord_api_types@0.37.56/payloads/v10/emoji.ts": "b9a30b16e1ec4dc15d6149e59aa48b02ad57a51335b7be5a7f5368db0491b3dd",
    "https://deno.land/x/discord_api_types@0.37.56/payloads/v10/gateway.ts": "4ce715fa94eadf5e2ba6adfc4a3bf99bac5d19c4787794ee1774b645a324db72",
    "https://deno.land/x/discord_api_types@0.37.56/payloads/v10/guild.ts": "536ce0d73d055290855febb556d6ffcc3308f5824887879d28f49d0e4a676fa6",
    "https://deno.land/x/discord_api_types@0.37.56/payloads/v10/guildScheduledEvent.ts": "bf506b7807501b71077751ec793e719c5515e1bb405dec5cc4371a61b03cf8b9",
    "https://deno.land/x/discord_api_types@0.37.56/payloads/v10/interactions.ts": "17dabe94016dad3d0d7fdc0aa812bf5b0b366465dd72cd0b01168880778cc60d",
    "https://deno.land/x/discord_api_types@0.37.56/payloads/v10/invite.ts": "92c09f549482a4e2ad5a3c1062debfb262c6fe4b6740581175a0b8108873ab01",
    "https://deno.land/x/discord_api_types@0.37.56/payloads/v10/mod.ts": "733090e3f67bb812dc0a3986d476e62483e88dfa0ce362d048a669b54b94c625",
    "https://deno.land/x/discord_api_types@0.37.56/payloads/v10/oauth2.ts": "dfb9f09fb44bf5faaa73ad4488ebe408905907d5fd46404895317f4e7c378489",
    "https://deno.land/x/discord_api_types@0.37.56/payloads/v10/permissions.ts": "5e7990e6dad3e35f8c130dc52de4bbf63afe5d6ad98e1c56b09da3ead94ad5a4",
    "https://deno.land/x/discord_api_types@0.37.56/payloads/v10/stageInstance.ts": "f0b9ee8c24c67298086fa32cb0595f6c29710d81b6fe85b958d48e6c549c4cb8",
    "https://deno.land/x/discord_api_types@0.37.56/payloads/v10/sticker.ts": "8511b5cdbe8289ce13fd51c2e96d24548345111b8d9f9c907dd3336f10e795bf",
    "https://deno.land/x/discord_api_types@0.37.56/payloads/v10/teams.ts": "101044d8c48a3cbabb60048eff9f69588bdd1ea84d1825de0372b4e23ad7ccbe",
    "https://deno.land/x/discord_api_types@0.37.56/payloads/v10/template.ts": "c6bee171ed0ce61fc8b59de42541a023bdcde62718deb42325397e5c82efdc27",
    "https://deno.land/x/discord_api_types@0.37.56/payloads/v10/user.ts": "59706244399f29512688c0813ec7dbaabd2fd5f583471564ff513e87213d2d13",
    "https://deno.land/x/discord_api_types@0.37.56/payloads/v10/voice.ts": "62d03a540f2e78e5f3989f71a0ee1ec682ef7306a4fa096f89118cbd82351d47",
    "https://deno.land/x/discord_api_types@0.37.56/payloads/v10/webhook.ts": "7fc370f40a84f12a6e57ddda7cf2814f15039d6320b46979db0b49d5b91e303b",
    "https://deno.land/x/discord_api_types@0.37.56/rest/common.ts": "0bfbcf97482fe86daeb68c57885bd04a7d6504ba9037f7e533ea466825afd051",
    "https://deno.land/x/discord_api_types@0.37.56/rest/v10/application.ts": "5b44ce90cf739aac76e2f01c15a3d4a03724703695235aec4f800fdd08782ec0",
    "https://deno.land/x/discord_api_types@0.37.56/rest/v10/auditLog.ts": "39a0914b6c51445023d82c3e3e66c9866cbb3cb6774d3e7eac63414ea9bcbfec",
    "https://deno.land/x/discord_api_types@0.37.56/rest/v10/autoModeration.ts": "3d388fd9a91c34f04b5e3e1b6ffe12029fb48b511f37ff88042325ec6cbc6605",
    "https://deno.land/x/discord_api_types@0.37.56/rest/v10/channel.ts": "76adde119c0f1fe0114269766c1f15db482d88911c2a1682090388a07a9c3209",
    "https://deno.land/x/discord_api_types@0.37.56/rest/v10/emoji.ts": "9f694a1bd63886c62a87b4320f3bfa5d4f534b2d87c317d77d572d10522df3aa",
    "https://deno.land/x/discord_api_types@0.37.56/rest/v10/gateway.ts": "747cb95c9a8bca4e52423c780d5fc492fb0dab2b6015cd7e51e890e8d51acf29",
    "https://deno.land/x/discord_api_types@0.37.56/rest/v10/guild.ts": "89d448eb50f891d19034480b45bc7e038c0712a0cc9b102b524b5d1f254f5b70",
    "https://deno.land/x/discord_api_types@0.37.56/rest/v10/guildScheduledEvent.ts": "29d361f395d8cd1ecb47550615d19e10793d513cc5ad8d32895da2cc9cd0fd89",
    "https://deno.land/x/discord_api_types@0.37.56/rest/v10/interactions.ts": "2b6decdfff921b6aa8f0e6e5c61d38469a0178c5ecf1a18dd17ad6738143e662",
    "https://deno.land/x/discord_api_types@0.37.56/rest/v10/invite.ts": "28f8e740bdaa782c9d9d504049323762b5c1180348019dc5f9e0a900ec11213e",
    "https://deno.land/x/discord_api_types@0.37.56/rest/v10/mod.ts": "eb7e802fc0d134d862f9b5eef57a9cd7f536ce09c1ca5e8809f09ff9ef4e9eeb",
    "https://deno.land/x/discord_api_types@0.37.56/rest/v10/oauth2.ts": "b659a35654c17767480d142c46c36f5fe2544346875745e3f654c5e7c3d9f3f9",
    "https://deno.land/x/discord_api_types@0.37.56/rest/v10/stageInstance.ts": "d5d96446a0275860f136d40546bf0519d5d8d4171d03058598559df095dbf899",
    "https://deno.land/x/discord_api_types@0.37.56/rest/v10/sticker.ts": "1f7f2729308a0ec1fe373b5df7ac71bafc200132f1a06df7e75bf5ce1d1069c1",
    "https://deno.land/x/discord_api_types@0.37.56/rest/v10/template.ts": "0ad41c3c85571d3c5b0bec3914c678a21f376ec162ef0d3f1f7731a8d1d1009c",
    "https://deno.land/x/discord_api_types@0.37.56/rest/v10/user.ts": "60cfa227426c791021e9e8f769287e997477e722db5a3c577a9ec54078aaffca",
    "https://deno.land/x/discord_api_types@0.37.56/rest/v10/voice.ts": "cdbe9d6c39c8f44635d8632bf62a95b8c15877b92c56ddf69df2072bb1a74edc",
    "https://deno.land/x/discord_api_types@0.37.56/rest/v10/webhook.ts": "f4d47265bc69f9fa32efd0fd620db8b1d1996d2184cf5ac624abd104862d6ae0",
    "https://deno.land/x/discord_api_types@0.37.56/rpc/common.ts": "a693352ffd86ae9e995fb3fbfbfd2be30896257ecb83c5611050f060b08de4ef",
    "https://deno.land/x/discord_api_types@0.37.56/rpc/v10.ts": "fbaad9f3d73fce88e76b0e52ad5345093f18077e4293937c9ec0ee24415b9a93",
    "https://deno.land/x/discord_api_types@0.37.56/utils/v10.ts": "056bd036f8c65365ff28eb63ec6897811d51921cca6d068392dd1ca5b397ae62",
    "https://deno.land/x/discord_api_types@0.37.56/v10.ts": "f3f23492c59e77859aba5b34431edf3668c37f722d7f70c2e1ef7ba4bcda3010",
    "https://deno.land/x/event@2.0.0/mod.ts": "8eb8bc72d29b332cc9db426f704c7606436077b4bb12e968590045d3460fbe2e",
    "https://deno.land/x/pogsocket@2.0.0/encoding.ts": "f2aa34feeb8275c5f790dfd7c8e21f8111b45b29105db07062c1bcc5ba795bd6",
    "https://deno.land/x/pogsocket@2.0.0/mod.ts": "c2b9487657ec07e549841883a2e4489b00b697bcd9f8216f584e283018471856",
    "https://deno.land/x/pogsocket@2.0.0/pogsocket/connect.ts": "95621e94bf40187e7851c6a08543c83891a8f07ab7883457593563e84d4332ac",
    "https://deno.land/x/pogsocket@2.0.0/pogsocket/deps.ts": "8ef417f2867aa648e95fd9b844a06093d75b674425db4e4f741eeacf0d8899d4",
    "https://deno.land/x/pogsocket@2.0.0/pogsocket/mod.ts": "56406d774855011b369309b4a60c7e6b7c443a6848f6d1e065b3335342367377",
    "https://deno.land/x/pogsocket@2.0.0/pogsocket/socket.ts": "9041b21df271fe566fdbc9a8580bb183af57b6a90dc21b548b1d29e54a5299ae",
    "https://deno.land/x/pogsocket@2.0.0/pogsocket/util/close_socket.ts": "491356e4123b469e785c8de9a856c186fb10a2a4d2e80b444b795381de2635b1",
    "https://deno.land/x/pogsocket@2.0.0/pogsocket/util/event_based.ts": "0c876bd6cc4319e3293b6fcb317b1d4a140fc5f7800af30a0136ef751b9cd1ec",
    "https://deno.land/x/pogsocket@2.0.0/pogsocket/util/mod.ts": "221bd6bacb2ac4da92f50b61156a3f31b5af22551d165bd071251e22bcef1eec",
    "https://deno.land/x/pogsocket@2.0.0/pogsocket/util/read_socket.ts": "1a9414a9643e2bac3e1f66d75ea3ed2ef8f6b294019b6c23036220f601328294",
    "https://deno.land/x/pogsocket@2.0.0/pogsocket/util/send_frame.ts": "38493ef1570e392c6c7650631bae6718561dc1ca77bb4d1aec645880af9976d1",
    "https://deno.land/x/pogsocket@2.0.0/pogsocket/util/send_message.ts": "b87e8c44264ca419897a68d51b635679aca0f92738c36c142859aa011424b78b",
    "https://deno.land/x/pogsocket@2.0.0/websocket/deps.ts": "29819703057644fe3afcc879d61c3facd0183cff7568e077a9aed3c5d5e23b06",
    "https://deno.land/x/pogsocket@2.0.0/websocket/framing/base.ts": "cc2451671e1e3270feabc67438cd27c77340fc3d0861c8849c2dedfa9ca03e09",
    "https://deno.land/x/pogsocket@2.0.0/websocket/framing/mod.ts": "6d50e28a4489fcf4bdd2d066666f405c654d704aa11b24c572222f56a853418e",
    "https://deno.land/x/pogsocket@2.0.0/websocket/framing/read.ts": "04d58d9858b6bb380c548e4ca3cf002d6a7dd32efa8851b4329b42d3f8c98c2a",
    "https://deno.land/x/pogsocket@2.0.0/websocket/framing/write.ts": "b05af25ec7de3cefce72e73c537f0c819da9e4f91715ecf4fa708610e87f43b8",
    "https://deno.land/x/pogsocket@2.0.0/websocket/handshake.ts": "95ced83f2d5ff8a9541aa73266506b38ff790225626d6e01b07de9dca1b8142a",
    "https://deno.land/x/pogsocket@2.0.0/websocket/masking.ts": "1c24a65451d68c8c4c9409acf653c1398672e9370898e46a77abcfa00b61cc42",
    "https://deno.land/x/pogsocket@2.0.0/websocket/mod.ts": "73fdba38977d08152f4e0937b31eb20d340475651f5a511cf3ca01cb2b63b4de",
    "https://deno.land/x/sax_ts@v1.2.10/src/sax.ts": "3d468d10d13d2690b5910fd12afc3cf52d979c0f144899d5c36da45c0931634e",
    "https://deno.land/x/sodium@0.2.0/basic.ts": "458ec1e8e90b5df3c0d8a7a7e4747dbbbd35e3ee776ac4dc7c44d3ec70784de9",
    "https://deno.land/x/sodium@0.2.0/basic_types.ts": "49e32fd3d239e183d71e2509def40a70ce0308f4d9f0552dd355be8094e2fe5f",
    "https://deno.land/x/sodium@0.2.0/dist/browsers/sodium.js": "169e09bb1d056fd4700c95edbdb399d8050d685ce44b40f520e35a021167d520",
    "https://deno.land/x/ytdl_core@v0.1.2/deps.ts": "7428c417a5b9fdba0db74790a328e5824e35cc332c25153c7bcf1657a2cf8a4f",
    "https://deno.land/x/ytdl_core@v0.1.2/mod.ts": "5654b5800933c38b0a7cac3f305811668e786b9a717c47c4a8d156c07736ac25",
    "https://deno.land/x/ytdl_core@v0.1.2/src/cache.ts": "d6ea5bce94dbc42d2fb1533c0975cf3fc46e32c432b6f2fcaf00c8afdb70c691",
    "https://deno.land/x/ytdl_core@v0.1.2/src/format_util.ts": "15be04873e9d178060abd00a221ae6fef7c7987d0b519f521e785f350cc51b39",
    "https://deno.land/x/ytdl_core@v0.1.2/src/formats.ts": "18f14e61c6860cf19fc454d9a7e830f43af4b8a39a7afccf7d6839f90e5e9204",
    "https://deno.land/x/ytdl_core@v0.1.2/src/info.ts": "a3a47373121c5c17c9913b682417a61993ece1345af6ab570c3e70bfc858f2a1",
    "https://deno.land/x/ytdl_core@v0.1.2/src/info_extras.ts": "f3627c10c811e63714c4939806fe5e460aa4d7a372e4e587bc9f0992cb4ff0e7",
    "https://deno.land/x/ytdl_core@v0.1.2/src/request.ts": "66cf1b5418b5a60e542f6541846cfd28ad9b0555c585d8307e5b37da1605f892",
    "https://deno.land/x/ytdl_core@v0.1.2/src/sig.ts": "303e7be76434d35999e32b890ec727b4ff628535d0e358d5cca74ccbe73279a2",
    "https://deno.land/x/ytdl_core@v0.1.2/src/stream.ts": "ff76a4172284b7a4148ab79390093e27f5cf67881b91ff51936b8cba6fdc3e0e",
    "https://deno.land/x/ytdl_core@v0.1.2/src/types.ts": "6b71aff86663d779f6f9457506d6634b6e86ee6f7d0a7aaeda2838ce31306e64",
    "https://deno.land/x/ytdl_core@v0.1.2/src/url_utils.ts": "8b8eb4b76344cae0bede4839b377a0acff3df0a24eef621841358b4aff0f2153",
    "https://deno.land/x/ytdl_core@v0.1.2/src/utils.ts": "9f1334987679194479879c8e9be0c173b60cd4ec784707b086bb04d748d75b3c",
    "https://deno.land/x/ytdl_core@v0.1.2/src/video.ts": "8d55c1775caf5443b478e59b07a38f0418e17cc069ff42caf959c281462f4537",
    "https://esm.sh/m3u8stream@0.8.6": "97315b002d10522453b632635d389f6161e7f89396772455933fbf3368c7774b",
    "https://esm.sh/querystring@0.2.1": "f94ac0f740c083afea2f003b8e6cb57472e3027c8b36efdccada359bf07a4a2a",
    "https://esm.sh/v131/m3u8stream@0.8.6/denonext/m3u8stream.mjs": "07bc6b6454616f75178a2389397ce337740b1dde0e05dd0028056d9c5d021b36",
    "https://esm.sh/v131/miniget@4.2.2/denonext/miniget.mjs": "94a11cfecf6e890809d789695c7af138a9b8712a588fa744dfa5535db3df2eaf",
    "https://esm.sh/v131/querystring@0.2.1/denonext/querystring.mjs": "02c816f35e988bb24d5255ffc94a5995d102f5b3089e27e92038370ee73be64b",
    "https://esm.sh/v131/sax@1.2.4/denonext/sax.mjs": "c709f5e231d178e08230a3e35ea55a1d4ccccefa69e47a7cb7da37adb5b342dd",
    "https://raw.githubusercontent.com/fent/node-m3u8stream/master/src/parse-time.ts": "7cf1d14095380fa9e75f7c4c4420dcd9f21ea5279a6731e94b81a543342f3ac9",
    "https://unpkg.com/@evan/wasm@0.0.63/target/opus/deno.js": "7650c6b33bc679231f818a58c926ef3197f70beea831571508248b2832887db5"
  }
}
